
Microsoft Visual Studio Solution File, Format Version 12.00
# Visual Studio Version 17
VisualStudioVersion = 17.11.35303.130
MinimumVisualStudioVersion = 10.0.40219.1
Project("{FAE04EC0-301F-11D3-BF4B-00C04F79EFBC}") = "iikoTask", "iikoTask.csproj", "{1A33B419-5322-4C16-823F-5E627E56D164}"
EndProject
Project("{FAE04EC0-301F-11D3-BF4B-00C04F79EFBC}") = "UserTest", "..\UserTest\UserTest.csproj", "{23955388-C37A-4D23-B691-2458C65FF344}"
EndProject
Global
	GlobalSection(SolutionConfigurationPlatforms) = preSolution
		Debug|Any CPU = Debug|Any CPU
		Release|Any CPU = Release|Any CPU
	EndGlobalSection
	GlobalSection(ProjectConfigurationPlatforms) = postSolution
		{1A33B419-5322-4C16-823F-5E627E56D164}.Debug|Any CPU.ActiveCfg = Debug|Any CPU
		{1A33B419-5322-4C16-823F-5E627E56D164}.Debug|Any CPU.Build.0 = Debug|Any CPU
		{1A33B419-5322-4C16-823F-5E627E56D164}.Release|Any CPU.ActiveCfg = Release|Any CPU
		{1A33B419-5322-4C16-823F-5E627E56D164}.Release|Any CPU.Build.0 = Release|Any CPU
		{23955388-C37A-4D23-B691-2458C65FF344}.Debug|Any CPU.ActiveCfg = Debug|Any CPU
		{23955388-C37A-4D23-B691-2458C65FF344}.Debug|Any CPU.Build.0 = Debug|Any CPU
		{23955388-C37A-4D23-B691-2458C65FF344}.Release|Any CPU.ActiveCfg = Release|Any CPU
		{23955388-C37A-4D23-B691-2458C65FF344}.Release|Any CPU.Build.0 = Release|Any CPU
	EndGlobalSection
	GlobalSection(SolutionProperties) = preSolution
		HideSolutionNode = FALSE
	EndGlobalSection
	GlobalSection(ExtensibilityGlobals) = postSolution
		SolutionGuid = {D20228D1-1DC3-44E6-B9E8-B0DE1C36CEFA}
	EndGlobalSection
EndGlobal
